// !$*UTF8*$!
{
	archiveVersion = 1;
	classes = {
	};
	objectVersion = 55;
	objects = {

/* Begin PBXBuildFile section */
		05C1F02229BF488500B26348 /* AppDelegate.swift in Sources */ = {isa = PBXBuildFile; fileRef = 05C1F02129BF488500B26348 /* AppDelegate.swift */; };
		05C1F02429BF488500B26348 /* SceneDelegate.swift in Sources */ = {isa = PBXBuildFile; fileRef = 05C1F02329BF488500B26348 /* SceneDelegate.swift */; };
		05C1F02629BF488500B26348 /* ViewController.swift in Sources */ = {isa = PBXBuildFile; fileRef = 05C1F02529BF488500B26348 /* ViewController.swift */; };
		05C1F02B29BF488900B26348 /* Assets.xcassets in Resources */ = {isa = PBXBuildFile; fileRef = 05C1F02A29BF488900B26348 /* Assets.xcassets */; };
		05C1F02E29BF488900B26348 /* LaunchScreen.storyboard in Resources */ = {isa = PBXBuildFile; fileRef = 05C1F02C29BF488900B26348 /* LaunchScreen.storyboard */; };
		05C1F03929BF49CF00B26348 /* Images.xcassets in Resources */ = {isa = PBXBuildFile; fileRef = 05C1F03829BF49CF00B26348 /* Images.xcassets */; };
		05C1F03B29BF49DA00B26348 /* Colors.xcassets in Resources */ = {isa = PBXBuildFile; fileRef = 05C1F03A29BF49DA00B26348 /* Colors.xcassets */; };
		05C1F03F29BF4A6700B26348 /* RouterProtocol.swift in Sources */ = {isa = PBXBuildFile; fileRef = 05C1F03E29BF4A6700B26348 /* RouterProtocol.swift */; };
		05C1F04129BF4AA900B26348 /* TransitionProtocol.swift in Sources */ = {isa = PBXBuildFile; fileRef = 05C1F04029BF4AA900B26348 /* TransitionProtocol.swift */; };
		05C1F04329BF4AC600B26348 /* MainRouter.swift in Sources */ = {isa = PBXBuildFile; fileRef = 05C1F04229BF4AC600B26348 /* MainRouter.swift */; };
		05C1F04529BF4AF500B26348 /* MainVC.swift in Sources */ = {isa = PBXBuildFile; fileRef = 05C1F04429BF4AF500B26348 /* MainVC.swift */; };
		05C1F04729BF4B0500B26348 /* MainViewModel.swift in Sources */ = {isa = PBXBuildFile; fileRef = 05C1F04629BF4B0500B26348 /* MainViewModel.swift */; };
		05C1F04929BF4B7E00B26348 /* MainRoute.swift in Sources */ = {isa = PBXBuildFile; fileRef = 05C1F04829BF4B7E00B26348 /* MainRoute.swift */; };
		05C1F04C29BF4C4300B26348 /* EmptyTransition.swift in Sources */ = {isa = PBXBuildFile; fileRef = 05C1F04B29BF4C4300B26348 /* EmptyTransition.swift */; };
		05C1F04E29BF4C4E00B26348 /* ModalTransition.swift in Sources */ = {isa = PBXBuildFile; fileRef = 05C1F04D29BF4C4E00B26348 /* ModalTransition.swift */; };
		05C1F05029BF4C5900B26348 /* PushTransition.swift in Sources */ = {isa = PBXBuildFile; fileRef = 05C1F04F29BF4C5900B26348 /* PushTransition.swift */; };
		05C1F05229BF524A00B26348 /* Constants.swift in Sources */ = {isa = PBXBuildFile; fileRef = 05C1F05129BF524A00B26348 /* Constants.swift */; };
		05C1F05929BF558300B26348 /* Montserrat-Bold.ttf in Resources */ = {isa = PBXBuildFile; fileRef = 05C1F05829BF558300B26348 /* Montserrat-Bold.ttf */; };
		05C1F05B29BF562A00B26348 /* Montserrat-Medium.ttf in Resources */ = {isa = PBXBuildFile; fileRef = 05C1F05A29BF562A00B26348 /* Montserrat-Medium.ttf */; };
		05C1F05D29BF564F00B26348 /* Montserrat-SemiBold.ttf in Resources */ = {isa = PBXBuildFile; fileRef = 05C1F05C29BF564F00B26348 /* Montserrat-SemiBold.ttf */; };
		05C1F05F29BF573900B26348 /* Poppins-Regular.ttf in Resources */ = {isa = PBXBuildFile; fileRef = 05C1F05E29BF573900B26348 /* Poppins-Regular.ttf */; };
		05C1F06129BF575C00B26348 /* Poppins-Medium.ttf in Resources */ = {isa = PBXBuildFile; fileRef = 05C1F06029BF575C00B26348 /* Poppins-Medium.ttf */; };
		05C1F06329BF663200B26348 /* CollectionViewCellLatest.swift in Sources */ = {isa = PBXBuildFile; fileRef = 05C1F06229BF663200B26348 /* CollectionViewCellLatest.swift */; };
		05C1F06529BF665900B26348 /* CollectionViewCellHeader.swift in Sources */ = {isa = PBXBuildFile; fileRef = 05C1F06429BF665900B26348 /* CollectionViewCellHeader.swift */; };
		CD6ED9213477479ECFCD98EF /* Pods_online_shop.framework in Frameworks */ = {isa = PBXBuildFile; fileRef = 04DBDD89BC21B802CF8704A7 /* Pods_online_shop.framework */; };
/* End PBXBuildFile section */

/* Begin PBXFileReference section */
		04DBDD89BC21B802CF8704A7 /* Pods_online_shop.framework */ = {isa = PBXFileReference; explicitFileType = wrapper.framework; includeInIndex = 0; path = Pods_online_shop.framework; sourceTree = BUILT_PRODUCTS_DIR; };
		05C1F01E29BF488500B26348 /* online_shop.app */ = {isa = PBXFileReference; explicitFileType = wrapper.application; includeInIndex = 0; path = online_shop.app; sourceTree = BUILT_PRODUCTS_DIR; };
		05C1F02129BF488500B26348 /* AppDelegate.swift */ = {isa = PBXFileReference; lastKnownFileType = sourcecode.swift; path = AppDelegate.swift; sourceTree = "<group>"; };
		05C1F02329BF488500B26348 /* SceneDelegate.swift */ = {isa = PBXFileReference; lastKnownFileType = sourcecode.swift; path = SceneDelegate.swift; sourceTree = "<group>"; };
		05C1F02529BF488500B26348 /* ViewController.swift */ = {isa = PBXFileReference; lastKnownFileType = sourcecode.swift; path = ViewController.swift; sourceTree = "<group>"; };
		05C1F02A29BF488900B26348 /* Assets.xcassets */ = {isa = PBXFileReference; lastKnownFileType = folder.assetcatalog; path = Assets.xcassets; sourceTree = "<group>"; };
		05C1F02D29BF488900B26348 /* Base */ = {isa = PBXFileReference; lastKnownFileType = file.storyboard; name = Base; path = Base.lproj/LaunchScreen.storyboard; sourceTree = "<group>"; };
		05C1F02F29BF488900B26348 /* Info.plist */ = {isa = PBXFileReference; lastKnownFileType = text.plist.xml; path = Info.plist; sourceTree = "<group>"; };
		05C1F03829BF49CF00B26348 /* Images.xcassets */ = {isa = PBXFileReference; lastKnownFileType = folder.assetcatalog; path = Images.xcassets; sourceTree = "<group>"; };
		05C1F03A29BF49DA00B26348 /* Colors.xcassets */ = {isa = PBXFileReference; lastKnownFileType = folder.assetcatalog; path = Colors.xcassets; sourceTree = "<group>"; };
		05C1F03E29BF4A6700B26348 /* RouterProtocol.swift */ = {isa = PBXFileReference; lastKnownFileType = sourcecode.swift; path = RouterProtocol.swift; sourceTree = "<group>"; };
		05C1F04029BF4AA900B26348 /* TransitionProtocol.swift */ = {isa = PBXFileReference; lastKnownFileType = sourcecode.swift; path = TransitionProtocol.swift; sourceTree = "<group>"; };
		05C1F04229BF4AC600B26348 /* MainRouter.swift */ = {isa = PBXFileReference; lastKnownFileType = sourcecode.swift; path = MainRouter.swift; sourceTree = "<group>"; };
		05C1F04429BF4AF500B26348 /* MainVC.swift */ = {isa = PBXFileReference; lastKnownFileType = sourcecode.swift; path = MainVC.swift; sourceTree = "<group>"; };
		05C1F04629BF4B0500B26348 /* MainViewModel.swift */ = {isa = PBXFileReference; lastKnownFileType = sourcecode.swift; path = MainViewModel.swift; sourceTree = "<group>"; };
		05C1F04829BF4B7E00B26348 /* MainRoute.swift */ = {isa = PBXFileReference; lastKnownFileType = sourcecode.swift; path = MainRoute.swift; sourceTree = "<group>"; };
		05C1F04B29BF4C4300B26348 /* EmptyTransition.swift */ = {isa = PBXFileReference; lastKnownFileType = sourcecode.swift; path = EmptyTransition.swift; sourceTree = "<group>"; };
		05C1F04D29BF4C4E00B26348 /* ModalTransition.swift */ = {isa = PBXFileReference; lastKnownFileType = sourcecode.swift; path = ModalTransition.swift; sourceTree = "<group>"; };
		05C1F04F29BF4C5900B26348 /* PushTransition.swift */ = {isa = PBXFileReference; lastKnownFileType = sourcecode.swift; path = PushTransition.swift; sourceTree = "<group>"; };
		05C1F05129BF524A00B26348 /* Constants.swift */ = {isa = PBXFileReference; lastKnownFileType = sourcecode.swift; path = Constants.swift; sourceTree = "<group>"; };
		05C1F05829BF558300B26348 /* Montserrat-Bold.ttf */ = {isa = PBXFileReference; lastKnownFileType = file; path = "Montserrat-Bold.ttf"; sourceTree = "<group>"; };
		05C1F05A29BF562A00B26348 /* Montserrat-Medium.ttf */ = {isa = PBXFileReference; lastKnownFileType = file; path = "Montserrat-Medium.ttf"; sourceTree = "<group>"; };
		05C1F05C29BF564F00B26348 /* Montserrat-SemiBold.ttf */ = {isa = PBXFileReference; lastKnownFileType = file; path = "Montserrat-SemiBold.ttf"; sourceTree = "<group>"; };
		05C1F05E29BF573900B26348 /* Poppins-Regular.ttf */ = {isa = PBXFileReference; lastKnownFileType = file; path = "Poppins-Regular.ttf"; sourceTree = "<group>"; };
		05C1F06029BF575C00B26348 /* Poppins-Medium.ttf */ = {isa = PBXFileReference; lastKnownFileType = file; path = "Poppins-Medium.ttf"; sourceTree = "<group>"; };
		05C1F06229BF663200B26348 /* CollectionViewCellLatest.swift */ = {isa = PBXFileReference; lastKnownFileType = sourcecode.swift; path = CollectionViewCellLatest.swift; sourceTree = "<group>"; };
		05C1F06429BF665900B26348 /* CollectionViewCellHeader.swift */ = {isa = PBXFileReference; lastKnownFileType = sourcecode.swift; path = CollectionViewCellHeader.swift; sourceTree = "<group>"; };
		A7C068DD135ABDC91041A20C /* Pods-online_shop.debug.xcconfig */ = {isa = PBXFileReference; includeInIndex = 1; lastKnownFileType = text.xcconfig; name = "Pods-online_shop.debug.xcconfig"; path = "Target Support Files/Pods-online_shop/Pods-online_shop.debug.xcconfig"; sourceTree = "<group>"; };
		EEAB9516A2E30590700174CF /* Pods-online_shop.release.xcconfig */ = {isa = PBXFileReference; includeInIndex = 1; lastKnownFileType = text.xcconfig; name = "Pods-online_shop.release.xcconfig"; path = "Target Support Files/Pods-online_shop/Pods-online_shop.release.xcconfig"; sourceTree = "<group>"; };
/* End PBXFileReference section */

/* Begin PBXFrameworksBuildPhase section */
		05C1F01B29BF488500B26348 /* Frameworks */ = {
			isa = PBXFrameworksBuildPhase;
			buildActionMask = 2147483647;
			files = (
				CD6ED9213477479ECFCD98EF /* Pods_online_shop.framework in Frameworks */,
			);
			runOnlyForDeploymentPostprocessing = 0;
		};
/* End PBXFrameworksBuildPhase section */

/* Begin PBXGroup section */
		05C1F01529BF488500B26348 = {
			isa = PBXGroup;
			children = (
				05C1F02029BF488500B26348 /* online_shop */,
				05C1F01F29BF488500B26348 /* Products */,
				6AB1F0479196607584F9F0FD /* Pods */,
				3BBADA57BDCB762A0EA8CA8B /* Frameworks */,
			);
			sourceTree = "<group>";
		};
		05C1F01F29BF488500B26348 /* Products */ = {
			isa = PBXGroup;
			children = (
				05C1F01E29BF488500B26348 /* online_shop.app */,
			);
			name = Products;
			sourceTree = "<group>";
		};
		05C1F02029BF488500B26348 /* online_shop */ = {
			isa = PBXGroup;
			children = (
				05C1F03C29BF4A1500B26348 /* Router */,
				05C1F03729BF49B900B26348 /* Assets */,
				05C1F03529BF499B00B26348 /* VCs */,
				05C1F02129BF488500B26348 /* AppDelegate.swift */,
				05C1F02329BF488500B26348 /* SceneDelegate.swift */,
				05C1F02529BF488500B26348 /* ViewController.swift */,
				05C1F02A29BF488900B26348 /* Assets.xcassets */,
				05C1F02C29BF488900B26348 /* LaunchScreen.storyboard */,
				05C1F02F29BF488900B26348 /* Info.plist */,
			);
			path = online_shop;
			sourceTree = "<group>";
		};
		05C1F03529BF499B00B26348 /* VCs */ = {
			isa = PBXGroup;
			children = (
				05C1F05629BF545700B26348 /* ProfileVC */,
				05C1F05529BF542200B26348 /* MessageVC */,
				05C1F05429BF540F00B26348 /* CartVC */,
				05C1F05329BF53F300B26348 /* FavoriteVC */,
				05C1F03629BF49A400B26348 /* MainVC */,
			);
			path = VCs;
			sourceTree = "<group>";
		};
		05C1F03629BF49A400B26348 /* MainVC */ = {
			isa = PBXGroup;
			children = (
				05C1F04429BF4AF500B26348 /* MainVC.swift */,
				05C1F04629BF4B0500B26348 /* MainViewModel.swift */,
				05C1F04829BF4B7E00B26348 /* MainRoute.swift */,
				05C1F06229BF663200B26348 /* CollectionViewCellLatest.swift */,
				05C1F06429BF665900B26348 /* CollectionViewCellHeader.swift */,
			);
			path = MainVC;
			sourceTree = "<group>";
		};
		05C1F03729BF49B900B26348 /* Assets */ = {
			isa = PBXGroup;
			children = (
				05C1F05729BF54D200B26348 /* Fonts */,
				05C1F03829BF49CF00B26348 /* Images.xcassets */,
				05C1F03A29BF49DA00B26348 /* Colors.xcassets */,
				05C1F05129BF524A00B26348 /* Constants.swift */,
			);
			path = Assets;
			sourceTree = "<group>";
		};
		05C1F03C29BF4A1500B26348 /* Router */ = {
			isa = PBXGroup;
			children = (
				05C1F03D29BF4A3A00B26348 /* Transitions */,
				05C1F03E29BF4A6700B26348 /* RouterProtocol.swift */,
				05C1F04229BF4AC600B26348 /* MainRouter.swift */,
			);
			path = Router;
			sourceTree = "<group>";
		};
		05C1F03D29BF4A3A00B26348 /* Transitions */ = {
			isa = PBXGroup;
			children = (
				05C1F04A29BF4C3500B26348 /* Transitions */,
			);
			path = Transitions;
			sourceTree = "<group>";
		};
		05C1F04A29BF4C3500B26348 /* Transitions */ = {
			isa = PBXGroup;
			children = (
				05C1F04029BF4AA900B26348 /* TransitionProtocol.swift */,
				05C1F04B29BF4C4300B26348 /* EmptyTransition.swift */,
				05C1F04D29BF4C4E00B26348 /* ModalTransition.swift */,
				05C1F04F29BF4C5900B26348 /* PushTransition.swift */,
			);
			path = Transitions;
			sourceTree = "<group>";
		};
		05C1F05329BF53F300B26348 /* FavoriteVC */ = {
			isa = PBXGroup;
			children = (
			);
			path = FavoriteVC;
			sourceTree = "<group>";
		};
		05C1F05429BF540F00B26348 /* CartVC */ = {
			isa = PBXGroup;
			children = (
			);
			path = CartVC;
			sourceTree = "<group>";
		};
		05C1F05529BF542200B26348 /* MessageVC */ = {
			isa = PBXGroup;
			children = (
			);
			path = MessageVC;
			sourceTree = "<group>";
		};
		05C1F05629BF545700B26348 /* ProfileVC */ = {
			isa = PBXGroup;
			children = (
			);
			path = ProfileVC;
			sourceTree = "<group>";
		};
		05C1F05729BF54D200B26348 /* Fonts */ = {
			isa = PBXGroup;
			children = (
				05C1F05E29BF573900B26348 /* Poppins-Regular.ttf */,
				05C1F05A29BF562A00B26348 /* Montserrat-Medium.ttf */,
				05C1F05C29BF564F00B26348 /* Montserrat-SemiBold.ttf */,
				05C1F05829BF558300B26348 /* Montserrat-Bold.ttf */,
				05C1F06029BF575C00B26348 /* Poppins-Medium.ttf */,
			);
			path = Fonts;
			sourceTree = "<group>";
		};
		3BBADA57BDCB762A0EA8CA8B /* Frameworks */ = {
			isa = PBXGroup;
			children = (
				04DBDD89BC21B802CF8704A7 /* Pods_online_shop.framework */,
			);
			name = Frameworks;
			sourceTree = "<group>";
		};
		6AB1F0479196607584F9F0FD /* Pods */ = {
			isa = PBXGroup;
			children = (
				A7C068DD135ABDC91041A20C /* Pods-online_shop.debug.xcconfig */,
				EEAB9516A2E30590700174CF /* Pods-online_shop.release.xcconfig */,
			);
			path = Pods;
			sourceTree = "<group>";
		};
/* End PBXGroup section */

/* Begin PBXNativeTarget section */
		05C1F01D29BF488500B26348 /* online_shop */ = {
			isa = PBXNativeTarget;
			buildConfigurationList = 05C1F03229BF488900B26348 /* Build configuration list for PBXNativeTarget "online_shop" */;
			buildPhases = (
				6D043C21AB0B655BC5B2B7DC /* [CP] Check Pods Manifest.lock */,
				05C1F01A29BF488500B26348 /* Sources */,
				05C1F01B29BF488500B26348 /* Frameworks */,
				05C1F01C29BF488500B26348 /* Resources */,
				D5320549977DE36E685DA258 /* [CP] Embed Pods Frameworks */,
			);
			buildRules = (
			);
			dependencies = (
			);
			name = online_shop;
			productName = online_shop;
			productReference = 05C1F01E29BF488500B26348 /* online_shop.app */;
			productType = "com.apple.product-type.application";
		};
/* End PBXNativeTarget section */

/* Begin PBXProject section */
		05C1F01629BF488500B26348 /* Project object */ = {
			isa = PBXProject;
			attributes = {
				BuildIndependentTargetsInParallel = 1;
				LastSwiftUpdateCheck = 1320;
				LastUpgradeCheck = 1320;
				TargetAttributes = {
					05C1F01D29BF488500B26348 = {
						CreatedOnToolsVersion = 13.2.1;
					};
				};
			};
			buildConfigurationList = 05C1F01929BF488500B26348 /* Build configuration list for PBXProject "online_shop" */;
			compatibilityVersion = "Xcode 13.0";
			developmentRegion = en;
			hasScannedForEncodings = 0;
			knownRegions = (
				en,
				Base,
			);
			mainGroup = 05C1F01529BF488500B26348;
			productRefGroup = 05C1F01F29BF488500B26348 /* Products */;
			projectDirPath = "";
			projectRoot = "";
			targets = (
				05C1F01D29BF488500B26348 /* online_shop */,
			);
		};
/* End PBXProject section */

/* Begin PBXResourcesBuildPhase section */
		05C1F01C29BF488500B26348 /* Resources */ = {
			isa = PBXResourcesBuildPhase;
			buildActionMask = 2147483647;
			files = (
				05C1F05929BF558300B26348 /* Montserrat-Bold.ttf in Resources */,
				05C1F03929BF49CF00B26348 /* Images.xcassets in Resources */,
				05C1F03B29BF49DA00B26348 /* Colors.xcassets in Resources */,
				05C1F05D29BF564F00B26348 /* Montserrat-SemiBold.ttf in Resources */,
				05C1F02E29BF488900B26348 /* LaunchScreen.storyboard in Resources */,
				05C1F05B29BF562A00B26348 /* Montserrat-Medium.ttf in Resources */,
				05C1F06129BF575C00B26348 /* Poppins-Medium.ttf in Resources */,
				05C1F02B29BF488900B26348 /* Assets.xcassets in Resources */,
				05C1F05F29BF573900B26348 /* Poppins-Regular.ttf in Resources */,
			);
			runOnlyForDeploymentPostprocessing = 0;
		};
/* End PBXResourcesBuildPhase section */

/* Begin PBXShellScriptBuildPhase section */
		6D043C21AB0B655BC5B2B7DC /* [CP] Check Pods Manifest.lock */ = {
			isa = PBXShellScriptBuildPhase;
			buildActionMask = 2147483647;
			files = (
			);
			inputFileListPaths = (
			);
			inputPaths = (
				"${PODS_PODFILE_DIR_PATH}/Podfile.lock",
				"${PODS_ROOT}/Manifest.lock",
			);
			name = "[CP] Check Pods Manifest.lock";
			outputFileListPaths = (
			);
			outputPaths = (
				"$(DERIVED_FILE_DIR)/Pods-online_shop-checkManifestLockResult.txt",
			);
			runOnlyForDeploymentPostprocessing = 0;
			shellPath = /bin/sh;
			shellScript = "diff \"${PODS_PODFILE_DIR_PATH}/Podfile.lock\" \"${PODS_ROOT}/Manifest.lock\" > /dev/null\nif [ $? != 0 ] ; then\n    # print error to STDERR\n    echo \"error: The sandbox is not in sync with the Podfile.lock. Run 'pod install' or update your CocoaPods installation.\" >&2\n    exit 1\nfi\n# This output is used by Xcode 'outputs' to avoid re-running this script phase.\necho \"SUCCESS\" > \"${SCRIPT_OUTPUT_FILE_0}\"\n";
			showEnvVarsInLog = 0;
		};
		D5320549977DE36E685DA258 /* [CP] Embed Pods Frameworks */ = {
			isa = PBXShellScriptBuildPhase;
			buildActionMask = 2147483647;
			files = (
			);
			inputFileListPaths = (
				"${PODS_ROOT}/Target Support Files/Pods-online_shop/Pods-online_shop-frameworks-${CONFIGURATION}-input-files.xcfilelist",
			);
			name = "[CP] Embed Pods Frameworks";
			outputFileListPaths = (
				"${PODS_ROOT}/Target Support Files/Pods-online_shop/Pods-online_shop-frameworks-${CONFIGURATION}-output-files.xcfilelist",
			);
			runOnlyForDeploymentPostprocessing = 0;
			shellPath = /bin/sh;
			shellScript = "\"${PODS_ROOT}/Target Support Files/Pods-online_shop/Pods-online_shop-frameworks.sh\"\n";
			showEnvVarsInLog = 0;
		};
/* End PBXShellScriptBuildPhase section */

/* Begin PBXSourcesBuildPhase section */
		05C1F01A29BF488500B26348 /* Sources */ = {
			isa = PBXSourcesBuildPhase;
			buildActionMask = 2147483647;
			files = (
				05C1F04129BF4AA900B26348 /* TransitionProtocol.swift in Sources */,
				05C1F04929BF4B7E00B26348 /* MainRoute.swift in Sources */,
				05C1F04C29BF4C4300B26348 /* EmptyTransition.swift in Sources */,
				05C1F04E29BF4C4E00B26348 /* ModalTransition.swift in Sources */,
				05C1F06529BF665900B26348 /* CollectionViewCellHeader.swift in Sources */,
				05C1F02629BF488500B26348 /* ViewController.swift in Sources */,
				05C1F02229BF488500B26348 /* AppDelegate.swift in Sources */,
				05C1F03F29BF4A6700B26348 /* RouterProtocol.swift in Sources */,
				05C1F02429BF488500B26348 /* SceneDelegate.swift in Sources */,
				05C1F04329BF4AC600B26348 /* MainRouter.swift in Sources */,
				05C1F04529BF4AF500B26348 /* MainVC.swift in Sources */,
				05C1F06329BF663200B26348 /* CollectionViewCellLatest.swift in Sources */,
				05C1F05229BF524A00B26348 /* Constants.swift in Sources */,
				05C1F05029BF4C5900B26348 /* PushTransition.swift in Sources */,
				05C1F04729BF4B0500B26348 /* MainViewModel.swift in Sources */,
			);
			runOnlyForDeploymentPostprocessing = 0;
		};
/* End PBXSourcesBuildPhase section */

/* Begin PBXVariantGroup section */
		05C1F02C29BF488900B26348 /* LaunchScreen.storyboard */ = {
			isa = PBXVariantGroup;
			children = (
				05C1F02D29BF488900B26348 /* Base */,
			);
			name = LaunchScreen.storyboard;
			sourceTree = "<group>";
		};
/* End PBXVariantGroup section */

/* Begin XCBuildConfiguration section */
		05C1F03029BF488900B26348 /* Debug */ = {
			isa = XCBuildConfiguration;
			buildSettings = {
				ALWAYS_SEARCH_USER_PATHS = NO;
				CLANG_ANALYZER_NONNULL = YES;
				CLANG_ANALYZER_NUMBER_OBJECT_CONVERSION = YES_AGGRESSIVE;
				CLANG_CXX_LANGUAGE_STANDARD = "gnu++17";
				CLANG_CXX_LIBRARY = "libc++";
				CLANG_ENABLE_MODULES = YES;
				CLANG_ENABLE_OBJC_ARC = YES;
				CLANG_ENABLE_OBJC_WEAK = YES;
				CLANG_WARN_BLOCK_CAPTURE_AUTORELEASING = YES;
				CLANG_WARN_BOOL_CONVERSION = YES;
				CLANG_WARN_COMMA = YES;
				CLANG_WARN_CONSTANT_CONVERSION = YES;
				CLANG_WARN_DEPRECATED_OBJC_IMPLEMENTATIONS = YES;
				CLANG_WARN_DIRECT_OBJC_ISA_USAGE = YES_ERROR;
				CLANG_WARN_DOCUMENTATION_COMMENTS = YES;
				CLANG_WARN_EMPTY_BODY = YES;
				CLANG_WARN_ENUM_CONVERSION = YES;
				CLANG_WARN_INFINITE_RECURSION = YES;
				CLANG_WARN_INT_CONVERSION = YES;
				CLANG_WARN_NON_LITERAL_NULL_CONVERSION = YES;
				CLANG_WARN_OBJC_IMPLICIT_RETAIN_SELF = YES;
				CLANG_WARN_OBJC_LITERAL_CONVERSION = YES;
				CLANG_WARN_OBJC_ROOT_CLASS = YES_ERROR;
				CLANG_WARN_QUOTED_INCLUDE_IN_FRAMEWORK_HEADER = YES;
				CLANG_WARN_RANGE_LOOP_ANALYSIS = YES;
				CLANG_WARN_STRICT_PROTOTYPES = YES;
				CLANG_WARN_SUSPICIOUS_MOVE = YES;
				CLANG_WARN_UNGUARDED_AVAILABILITY = YES_AGGRESSIVE;
				CLANG_WARN_UNREACHABLE_CODE = YES;
				CLANG_WARN__DUPLICATE_METHOD_MATCH = YES;
				COPY_PHASE_STRIP = NO;
				DEBUG_INFORMATION_FORMAT = dwarf;
				ENABLE_STRICT_OBJC_MSGSEND = YES;
				ENABLE_TESTABILITY = YES;
				GCC_C_LANGUAGE_STANDARD = gnu11;
				GCC_DYNAMIC_NO_PIC = NO;
				GCC_NO_COMMON_BLOCKS = YES;
				GCC_OPTIMIZATION_LEVEL = 0;
				GCC_PREPROCESSOR_DEFINITIONS = (
					"DEBUG=1",
					"$(inherited)",
				);
				GCC_WARN_64_TO_32_BIT_CONVERSION = YES;
				GCC_WARN_ABOUT_RETURN_TYPE = YES_ERROR;
				GCC_WARN_UNDECLARED_SELECTOR = YES;
				GCC_WARN_UNINITIALIZED_AUTOS = YES_AGGRESSIVE;
				GCC_WARN_UNUSED_FUNCTION = YES;
				GCC_WARN_UNUSED_VARIABLE = YES;
				IPHONEOS_DEPLOYMENT_TARGET = 15.2;
				MTL_ENABLE_DEBUG_INFO = INCLUDE_SOURCE;
				MTL_FAST_MATH = YES;
				ONLY_ACTIVE_ARCH = YES;
				SDKROOT = iphoneos;
				SWIFT_ACTIVE_COMPILATION_CONDITIONS = DEBUG;
				SWIFT_OPTIMIZATION_LEVEL = "-Onone";
			};
			name = Debug;
		};
		05C1F03129BF488900B26348 /* Release */ = {
			isa = XCBuildConfiguration;
			buildSettings = {
				ALWAYS_SEARCH_USER_PATHS = NO;
				CLANG_ANALYZER_NONNULL = YES;
				CLANG_ANALYZER_NUMBER_OBJECT_CONVERSION = YES_AGGRESSIVE;
				CLANG_CXX_LANGUAGE_STANDARD = "gnu++17";
				CLANG_CXX_LIBRARY = "libc++";
				CLANG_ENABLE_MODULES = YES;
				CLANG_ENABLE_OBJC_ARC = YES;
				CLANG_ENABLE_OBJC_WEAK = YES;
				CLANG_WARN_BLOCK_CAPTURE_AUTORELEASING = YES;
				CLANG_WARN_BOOL_CONVERSION = YES;
				CLANG_WARN_COMMA = YES;
				CLANG_WARN_CONSTANT_CONVERSION = YES;
				CLANG_WARN_DEPRECATED_OBJC_IMPLEMENTATIONS = YES;
				CLANG_WARN_DIRECT_OBJC_ISA_USAGE = YES_ERROR;
				CLANG_WARN_DOCUMENTATION_COMMENTS = YES;
				CLANG_WARN_EMPTY_BODY = YES;
				CLANG_WARN_ENUM_CONVERSION = YES;
				CLANG_WARN_INFINITE_RECURSION = YES;
				CLANG_WARN_INT_CONVERSION = YES;
				CLANG_WARN_NON_LITERAL_NULL_CONVERSION = YES;
				CLANG_WARN_OBJC_IMPLICIT_RETAIN_SELF = YES;
				CLANG_WARN_OBJC_LITERAL_CONVERSION = YES;
				CLANG_WARN_OBJC_ROOT_CLASS = YES_ERROR;
				CLANG_WARN_QUOTED_INCLUDE_IN_FRAMEWORK_HEADER = YES;
				CLANG_WARN_RANGE_LOOP_ANALYSIS = YES;
				CLANG_WARN_STRICT_PROTOTYPES = YES;
				CLANG_WARN_SUSPICIOUS_MOVE = YES;
				CLANG_WARN_UNGUARDED_AVAILABILITY = YES_AGGRESSIVE;
				CLANG_WARN_UNREACHABLE_CODE = YES;
				CLANG_WARN__DUPLICATE_METHOD_MATCH = YES;
				COPY_PHASE_STRIP = NO;
				DEBUG_INFORMATION_FORMAT = "dwarf-with-dsym";
				ENABLE_NS_ASSERTIONS = NO;
				ENABLE_STRICT_OBJC_MSGSEND = YES;
				GCC_C_LANGUAGE_STANDARD = gnu11;
				GCC_NO_COMMON_BLOCKS = YES;
				GCC_WARN_64_TO_32_BIT_CONVERSION = YES;
				GCC_WARN_ABOUT_RETURN_TYPE = YES_ERROR;
				GCC_WARN_UNDECLARED_SELECTOR = YES;
				GCC_WARN_UNINITIALIZED_AUTOS = YES_AGGRESSIVE;
				GCC_WARN_UNUSED_FUNCTION = YES;
				GCC_WARN_UNUSED_VARIABLE = YES;
				IPHONEOS_DEPLOYMENT_TARGET = 15.2;
				MTL_ENABLE_DEBUG_INFO = NO;
				MTL_FAST_MATH = YES;
				SDKROOT = iphoneos;
				SWIFT_COMPILATION_MODE = wholemodule;
				SWIFT_OPTIMIZATION_LEVEL = "-O";
				VALIDATE_PRODUCT = YES;
			};
			name = Release;
		};
		05C1F03329BF488900B26348 /* Debug */ = {
			isa = XCBuildConfiguration;
			baseConfigurationReference = A7C068DD135ABDC91041A20C /* Pods-online_shop.debug.xcconfig */;
			buildSettings = {
				ASSETCATALOG_COMPILER_APPICON_NAME = AppIcon;
				ASSETCATALOG_COMPILER_GLOBAL_ACCENT_COLOR_NAME = AccentColor;
				CODE_SIGN_STYLE = Automatic;
				CURRENT_PROJECT_VERSION = 1;
				GENERATE_INFOPLIST_FILE = YES;
				INFOPLIST_FILE = online_shop/Info.plist;
				INFOPLIST_KEY_UIApplicationSupportsIndirectInputEvents = YES;
				INFOPLIST_KEY_UILaunchStoryboardName = LaunchScreen;
				INFOPLIST_KEY_UISupportedInterfaceOrientations_iPad = "UIInterfaceOrientationPortrait UIInterfaceOrientationPortraitUpsideDown UIInterfaceOrientationLandscapeLeft UIInterfaceOrientationLandscapeRight";
				INFOPLIST_KEY_UISupportedInterfaceOrientations_iPhone = "UIInterfaceOrientationPortrait UIInterfaceOrientationLandscapeLeft UIInterfaceOrientationLandscapeRight";
				LD_RUNPATH_SEARCH_PATHS = (
					"$(inherited)",
					"@executable_path/Frameworks",
				);
				MARKETING_VERSION = 1.0;
				PRODUCT_BUNDLE_IDENTIFIER = "Nor1.online-shop";
				PRODUCT_NAME = "$(TARGET_NAME)";
				SWIFT_EMIT_LOC_STRINGS = YES;
				SWIFT_VERSION = 5.0;
				TARGETED_DEVICE_FAMILY = "1,2";
			};
			name = Debug;
		};
		05C1F03429BF488900B26348 /* Release */ = {
			isa = XCBuildConfiguration;
			baseConfigurationReference = EEAB9516A2E30590700174CF /* Pods-online_shop.release.xcconfig */;
			buildSettings = {
				ASSETCATALOG_COMPILER_APPICON_NAME = AppIcon;
				ASSETCATALOG_COMPILER_GLOBAL_ACCENT_COLOR_NAME = AccentColor;
				CODE_SIGN_STYLE = Automatic;
				CURRENT_PROJECT_VERSION = 1;
				GENERATE_INFOPLIST_FILE = YES;
				INFOPLIST_FILE = online_shop/Info.plist;
				INFOPLIST_KEY_UIApplicationSupportsIndirectInputEvents = YES;
				INFOPLIST_KEY_UILaunchStoryboardName = LaunchScreen;
				INFOPLIST_KEY_UISupportedInterfaceOrientations_iPad = "UIInterfaceOrientationPortrait UIInterfaceOrientationPortraitUpsideDown UIInterfaceOrientationLandscapeLeft UIInterfaceOrientationLandscapeRight";
				INFOPLIST_KEY_UISupportedInterfaceOrientations_iPhone = "UIInterfaceOrientationPortrait UIInterfaceOrientationLandscapeLeft UIInterfaceOrientationLandscapeRight";
				LD_RUNPATH_SEARCH_PATHS = (
					"$(inherited)",
					"@executable_path/Frameworks",
				);
				MARKETING_VERSION = 1.0;
				PRODUCT_BUNDLE_IDENTIFIER = "Nor1.online-shop";
				PRODUCT_NAME = "$(TARGET_NAME)";
				SWIFT_EMIT_LOC_STRINGS = YES;
				SWIFT_VERSION = 5.0;
				TARGETED_DEVICE_FAMILY = "1,2";
			};
			name = Release;
		};
/* End XCBuildConfiguration section */

/* Begin XCConfigurationList section */
		05C1F01929BF488500B26348 /* Build configuration list for PBXProject "online_shop" */ = {
			isa = XCConfigurationList;
			buildConfigurations = (
				05C1F03029BF488900B26348 /* Debug */,
				05C1F03129BF488900B26348 /* Release */,
			);
			defaultConfigurationIsVisible = 0;
			defaultConfigurationName = Release;
		};
		05C1F03229BF488900B26348 /* Build configuration list for PBXNativeTarget "online_shop" */ = {
			isa = XCConfigurationList;
			buildConfigurations = (
				05C1F03329BF488900B26348 /* Debug */,
				05C1F03429BF488900B26348 /* Release */,
			);
			defaultConfigurationIsVisible = 0;
			defaultConfigurationName = Release;
		};
/* End XCConfigurationList section */
	};
	rootObject = 05C1F01629BF488500B26348 /* Project object */;
}
